# This file is autogenerated, do not edit; changes may be undone by the next 'dep ensure'.


[[projects]]
  digest = "1:88b822fdfd4e6cc3e04bcae689b9914dadf385fbf17ccd9204dd5fa1c4582f38"
  name = "github.com/RangelReale/osin"
  packages = ["."]
  pruneopts = "UT"
  revision = "0f3357bb07e801ea62327872d19913969001dd7a"
  version = "v1.0.1"

[[projects]]
  digest = "1:a97ddad89f7b48876da3e3610ff86c0f0670df14b8bb8941d57418a3ca72584d"
  name = "github.com/ansel1/merry"
  packages = ["."]
  pruneopts = "UT"
  revision = "6cbec365a520b977d098dceb3005d91a2c78a799"
  version = "v1.5.0"

[[projects]]
  branch = "master"
  digest = "1:9faf36431bedc19ecedbfe05f7be01676b598647ca8aa34139e2fd510e61126e"
  name = "github.com/felipeweb/gopher-utils"
  packages = ["."]
  pruneopts = "UT"
  revision = "05a00fc86ef51b7b351fb05a0e13307c85dbe115"

[[projects]]
  branch = "master"
  digest = "1:641f91f80e3f4357ab4271b7d391c9bca8a82863f5dcd087a8346a8e4cf2024a"
  name = "github.com/felipeweb/osin-mysql"
  packages = ["."]
  pruneopts = "UT"
  revision = "269603eb06cfa0a1e839d3c9c59ddab39cf6fb9e"

[[projects]]
  digest = "1:ec6f9bf5e274c833c911923c9193867f3f18788c461f76f05f62bb1510e0ae65"
  name = "github.com/go-sql-driver/mysql"
  packages = ["."]
  pruneopts = "UT"
  revision = "72cd26f257d44c1114970e19afddcd812016007e"
  version = "v1.4.1"

[[projects]]
  digest = "1:582b704bebaa06b48c29b0cec224a6058a09c86883aaddabde889cd1a5f73e1b"
  name = "github.com/google/uuid"
  packages = ["."]
  pruneopts = "UT"
  revision = "0cd6bf5da1e1c83f8b45653022c74f71af0538a4"
  version = "v1.1.1"

[[projects]]
  digest = "1:e5d0bd87abc2781d14e274807a470acd180f0499f8bf5bb18606e9ec22ad9de9"
  name = "github.com/pborman/uuid"
  packages = ["."]
  pruneopts = "UT"
  revision = "adf5a7427709b9deb95d29d3fa8a2bf9cfd388f1"
  version = "v1.2"

[[projects]]
  branch = "master"
  digest = "1:7b5ce208ea2ca1f96322e6a5b616839fe49ea798648a013039f300475a1aadfc"
  name = "golang.org/x/xerrors"
  packages = [
    ".",
    "internal",
  ]
  pruneopts = "UT"
  revision = "a985d3407aa71f30cf86696ee0a2f409709f22e1"

[[projects]]
  digest = "1:c25289f43ac4a68d88b02245742347c94f1e108c534dda442188015ff80669b3"
  name = "google.golang.org/appengine"
  packages = ["cloudsql"]
  pruneopts = "UT"
  revision = "b2f4a3cf3c67576a2ee09e1fe62656a5086ce880"
  version = "v1.6.1"

[solve-meta]
  analyzer-name = "dep"
  analyzer-version = 1
  input-imports = [
    "github.com/RangelReale/osin",
    "github.com/felipeweb/osin-mysql",
  ]
  solver-name = "gps-cdcl"
  solver-version = 1
